
Microsoft Visual Studio Solution File, Format Version 12.00
# Visual Studio 2015
Project("{FAE04EC0-301F-11D3-BF4B-00C04F79EFBC}") = "ARCardGame.CSharp", "ARCardGame.CSharp.csproj", "{6E198509-3F41-2420-5F6C-E2AD990D7E03}"
EndProject
Project("{FAE04EC0-301F-11D3-BF4B-00C04F79EFBC}") = "ARCardGame.CSharp.Editor", "ARCardGame.CSharp.Editor.csproj", "{FA919F7B-E519-EE01-9159-15EFA6009A41}"
EndProject
Global
	GlobalSection(SolutionConfigurationPlatforms) = preSolution
		Debug|Any CPU = Debug|Any CPU
		Release|Any CPU = Release|Any CPU
	EndGlobalSection
	GlobalSection(ProjectConfigurationPlatforms) = postSolution
		{6E198509-3F41-2420-5F6C-E2AD990D7E03}.Debug|Any CPU.ActiveCfg = Debug|Any CPU
		{6E198509-3F41-2420-5F6C-E2AD990D7E03}.Debug|Any CPU.Build.0 = Debug|Any CPU
		{6E198509-3F41-2420-5F6C-E2AD990D7E03}.Release|Any CPU.ActiveCfg = Release|Any CPU
		{6E198509-3F41-2420-5F6C-E2AD990D7E03}.Release|Any CPU.Build.0 = Release|Any CPU
		{FA919F7B-E519-EE01-9159-15EFA6009A41}.Debug|Any CPU.ActiveCfg = Debug|Any CPU
		{FA919F7B-E519-EE01-9159-15EFA6009A41}.Debug|Any CPU.Build.0 = Debug|Any CPU
		{FA919F7B-E519-EE01-9159-15EFA6009A41}.Release|Any CPU.ActiveCfg = Release|Any CPU
		{FA919F7B-E519-EE01-9159-15EFA6009A41}.Release|Any CPU.Build.0 = Release|Any CPU
	EndGlobalSection
	GlobalSection(SolutionProperties) = preSolution
		HideSolutionNode = FALSE
	EndGlobalSection
EndGlobal
